PODS:
  - Capacitor (6.2.1):
    - CapacitorCordova
  - CapacitorApp (6.0.3):
    - Capacitor
  - CapacitorCamera (8.2.1):
    - Capacitor
    - IONCameraLib (~> 1.0.4)
  - CapacitorCommunityImageToText (8.0.0):
    - Capacitor
  - CapacitorCommunitySpeechRecognition (7.0.1):
    - Capacitor
  - CapacitorCordova (6.2.1)
  - CapacitorFilesystem (8.1.2):
    - Capacitor
    - IONFilesystemLib (~> 1.1.1)
  - CapacitorHaptics (6.0.3):
    - Capacitor
  - CapacitorLocalNotifications (8.2.0):
    - Capacitor
  - CapacitorPreferences (6.0.4):
    - Capacitor
  - EbarooniCapacitorCalendar (8.2.0):
    - Capacitor
  - IONCameraLib (1.0.4)
  - IONFilesystemLib (1.1.2)

DEPENDENCIES:
  - "Capacitor (from `../../node_modules/@capacitor/ios`)"
  - "CapacitorApp (from `../../node_modules/@capacitor/app`)"
  - "CapacitorCamera (from `../../node_modules/@capacitor/camera`)"
  - "CapacitorCommunityImageToText (from `../../node_modules/@capacitor-community/image-to-text`)"
  - "CapacitorCommunitySpeechRecognition (from `../../node_modules/@capacitor-community/speech-recognition`)"
  - "CapacitorCordova (from `../../node_modules/@capacitor/ios`)"
  - "CapacitorFilesystem (from `../../node_modules/@capacitor/filesystem`)"
  - "CapacitorHaptics (from `../../node_modules/@capacitor/haptics`)"
  - "CapacitorLocalNotifications (from `../../node_modules/@capacitor/local-notifications`)"
  - "CapacitorPreferences (from `../../node_modules/@capacitor/preferences`)"
  - "EbarooniCapacitorCalendar (from `../../node_modules/@ebarooni/capacitor-calendar`)"

SPEC REPOS:
  trunk:
    - IONCameraLib
    - IONFilesystemLib

EXTERNAL SOURCES:
  Capacitor:
    :path: "../../node_modules/@capacitor/ios"
  CapacitorApp:
    :path: "../../node_modules/@capacitor/app"
  CapacitorCamera:
    :path: "../../node_modules/@capacitor/camera"
  CapacitorCommunityImageToText:
    :path: "../../node_modules/@capacitor-community/image-to-text"
  CapacitorCommunitySpeechRecognition:
    :path: "../../node_modules/@capacitor-community/speech-recognition"
  CapacitorCordova:
    :path: "../../node_modules/@capacitor/ios"
  CapacitorFilesystem:
    :path: "../../node_modules/@capacitor/filesystem"
  CapacitorHaptics:
    :path: "../../node_modules/@capacitor/haptics"
  CapacitorLocalNotifications:
    :path: "../../node_modules/@capacitor/local-notifications"
  CapacitorPreferences:
    :path: "../../node_modules/@capacitor/preferences"
  EbarooniCapacitorCalendar:
    :path: "../../node_modules/@ebarooni/capacitor-calendar"

SPEC CHECKSUMS:
  Capacitor: c95400d761e376be9da6be5a05f226c0e865cebf
  CapacitorApp: a19ccb4f5f32d2534be5c6f524d5a9b614a1e8a7
  CapacitorCamera: 1b9dde3aaffbd1f051486f4cee2b4cdd962662ae
  CapacitorCommunityImageToText: 844f6cb80c8651f32cbd4e9368e8ac228c72d6e4
  CapacitorCommunitySpeechRecognition: 3e03566c44c2bb3b52391a33d4518b1adbdeb38f
  CapacitorCordova: 8d93e14982f440181be7304aa9559ca631d77fff
  CapacitorFilesystem: 2db285a1ac6e475cc27cae2e1bea999000f9e2be
  CapacitorHaptics: 40f83026feeee9cfe36e89e9c98a3baaaf20c450
  CapacitorLocalNotifications: 2615aa008f608b95d3921a778ee1988abf1e6148
  CapacitorPreferences: 5848e0691b36b4bb4acc98e481ab56d451578d30
  EbarooniCapacitorCalendar: 36ca1e0a77fb314a23a340f470fea03f72148a59
  IONCameraLib: f2349804460bd9e3f892e42109b8d996ab3fa19d
  IONFilesystemLib: 21a63377696b2d8fab5632ecfb7d2ac67bddb68a

PODFILE CHECKSUM: 92afe517c7db593561c521185f6e1c1079ff75e1

COCOAPODS: 1.17.0
